
Microsoft Visual Studio Solution File, Format Version 12.00
# Visual Studio Version 17
VisualStudioVersion = 17.5.33424.131
MinimumVisualStudioVersion = 10.0.40219.1
Project("{9A19103F-16F7-4668-BE54-9A1E7A4F7556}") = "01.SquareRoot", "01.SquareRoot\01.SquareRoot.csproj", "{BB13D032-E5AB-4B57-ACB4-9B8FBA998243}"
EndProject
Project("{9A19103F-16F7-4668-BE54-9A1E7A4F7556}") = "02.EnterNumbers", "02.EnterNumbers\02.EnterNumbers.csproj", "{C2C6FBF2-0EBC-4703-B748-67BB7AEB8B85}"
EndProject
Project("{9A19103F-16F7-4668-BE54-9A1E7A4F7556}") = "03.Cards", "03.Cards\03.Cards.csproj", "{55600446-CB40-4960-8D99-A4E360844AC4}"
EndProject
Project("{9A19103F-16F7-4668-BE54-9A1E7A4F7556}") = "04.SumOfIntegers", "04.SumOfIntegers\04.SumOfIntegers.csproj", "{90FD0EFB-389C-4362-B453-32249FDCEA24}"
EndProject
Project("{9A19103F-16F7-4668-BE54-9A1E7A4F7556}") = "05.PlayCatch", "05.PlayCatch\05.PlayCatch.csproj", "{7321D395-AC36-4BCF-A051-7D84106FEE19}"
EndProject
Project("{FAE04EC0-301F-11D3-BF4B-00C04F79EFBC}") = "06.MoneyTransactions", "06.MoneyTransactions\06.MoneyTransactions.csproj", "{773546CC-853F-4EEA-A52E-357F5D4A0824}"
EndProject
Global
	GlobalSection(SolutionConfigurationPlatforms) = preSolution
		Debug|Any CPU = Debug|Any CPU
		Release|Any CPU = Release|Any CPU
	EndGlobalSection
	GlobalSection(ProjectConfigurationPlatforms) = postSolution
		{BB13D032-E5AB-4B57-ACB4-9B8FBA998243}.Debug|Any CPU.ActiveCfg = Debug|Any CPU
		{BB13D032-E5AB-4B57-ACB4-9B8FBA998243}.Debug|Any CPU.Build.0 = Debug|Any CPU
		{BB13D032-E5AB-4B57-ACB4-9B8FBA998243}.Release|Any CPU.ActiveCfg = Release|Any CPU
		{BB13D032-E5AB-4B57-ACB4-9B8FBA998243}.Release|Any CPU.Build.0 = Release|Any CPU
		{C2C6FBF2-0EBC-4703-B748-67BB7AEB8B85}.Debug|Any CPU.ActiveCfg = Debug|Any CPU
		{C2C6FBF2-0EBC-4703-B748-67BB7AEB8B85}.Debug|Any CPU.Build.0 = Debug|Any CPU
		{C2C6FBF2-0EBC-4703-B748-67BB7AEB8B85}.Release|Any CPU.ActiveCfg = Release|Any CPU
		{C2C6FBF2-0EBC-4703-B748-67BB7AEB8B85}.Release|Any CPU.Build.0 = Release|Any CPU
		{55600446-CB40-4960-8D99-A4E360844AC4}.Debug|Any CPU.ActiveCfg = Debug|Any CPU
		{55600446-CB40-4960-8D99-A4E360844AC4}.Debug|Any CPU.Build.0 = Debug|Any CPU
		{55600446-CB40-4960-8D99-A4E360844AC4}.Release|Any CPU.ActiveCfg = Release|Any CPU
		{55600446-CB40-4960-8D99-A4E360844AC4}.Release|Any CPU.Build.0 = Release|Any CPU
		{90FD0EFB-389C-4362-B453-32249FDCEA24}.Debug|Any CPU.ActiveCfg = Debug|Any CPU
		{90FD0EFB-389C-4362-B453-32249FDCEA24}.Debug|Any CPU.Build.0 = Debug|Any CPU
		{90FD0EFB-389C-4362-B453-32249FDCEA24}.Release|Any CPU.ActiveCfg = Release|Any CPU
		{90FD0EFB-389C-4362-B453-32249FDCEA24}.Release|Any CPU.Build.0 = Release|Any CPU
		{7321D395-AC36-4BCF-A051-7D84106FEE19}.Debug|Any CPU.ActiveCfg = Debug|Any CPU
		{7321D395-AC36-4BCF-A051-7D84106FEE19}.Debug|Any CPU.Build.0 = Debug|Any CPU
		{7321D395-AC36-4BCF-A051-7D84106FEE19}.Release|Any CPU.ActiveCfg = Release|Any CPU
		{7321D395-AC36-4BCF-A051-7D84106FEE19}.Release|Any CPU.Build.0 = Release|Any CPU
		{773546CC-853F-4EEA-A52E-357F5D4A0824}.Debug|Any CPU.ActiveCfg = Debug|Any CPU
		{773546CC-853F-4EEA-A52E-357F5D4A0824}.Debug|Any CPU.Build.0 = Debug|Any CPU
		{773546CC-853F-4EEA-A52E-357F5D4A0824}.Release|Any CPU.ActiveCfg = Release|Any CPU
		{773546CC-853F-4EEA-A52E-357F5D4A0824}.Release|Any CPU.Build.0 = Release|Any CPU
	EndGlobalSection
	GlobalSection(SolutionProperties) = preSolution
		HideSolutionNode = FALSE
	EndGlobalSection
	GlobalSection(ExtensibilityGlobals) = postSolution
		SolutionGuid = {FFF2B1FA-2AFA-4A84-9869-1C1EEDB689CD}
	EndGlobalSection
EndGlobal
